# THIS IS AN AUTOGENERATED FILE. DO NOT EDIT THIS FILE DIRECTLY.
# yarn lockfile v1


"@emnapi/core@^1.4.5":
  version "1.4.5"
  resolved "https://registry.yarnpkg.com/@emnapi/core/-/core-1.4.5.tgz#bfbb0cbbbb9f96ec4e2c4fd917b7bbe5495ceccb"
  integrity sha512-XsLw1dEOpkSX/WucdqUhPWP7hDxSvZiY+fsUC14h+FtQ2Ifni4znbBt8punRX+Uj2JG/uDb8nEHVKvrVlvdZ5Q==
  dependencies:
    "@emnapi/wasi-threads" "1.0.4"
    tslib "^2.4.0"

"@emnapi/runtime@^1.4.5":
  version "1.4.5"
  resolved "https://registry.yarnpkg.com/@emnapi/runtime/-/runtime-1.4.5.tgz#c67710d0661070f38418b6474584f159de38aba9"
  integrity sha512-++LApOtY0pEEz1zrd9vy1/zXVaVJJ/EbAF3u0fXIzPJEDtnITsBGbbK0EkM72amhl/R5b+5xx0Y/QhcVOpuulg==
  dependencies:
    tslib "^2.4.0"

"@emnapi/wasi-threads@1.0.4":
  version "1.0.4"
  resolved "https://registry.yarnpkg.com/@emnapi/wasi-threads/-/wasi-threads-1.0.4.tgz#703fc094d969e273b1b71c292523b2f792862bf4"
  integrity sha512-PJR+bOmMOPH8AtcTGAyYNiuJ3/Fcoj2XN/gBEWzDIKh254XO+mM9XoXHk5GNEhodxeMznbg7BlRojVbKN+gC6g==
  dependencies:
    tslib "^2.4.0"

"@module-federation/error-codes@0.17.1":
  version "0.17.1"
  resolved "https://registry.yarnpkg.com/@module-federation/error-codes/-/error-codes-0.17.1.tgz#ee3d6f2faa9751fdc6b7526180cbfe9fe7184337"
  integrity sha512-n6Elm4qKSjwAPxLUGtwnl7qt4y1dxB8OpSgVvXBIzqI9p27a3ZXshLPLnumlpPg1Qudaj8sLnSnFtt9yGpt5yQ==

"@module-federation/runtime-core@0.17.1":
  version "0.17.1"
  resolved "https://registry.yarnpkg.com/@module-federation/runtime-core/-/runtime-core-0.17.1.tgz#adb3f7dbb95e17707dc2cbb65184aa294ff78c19"
  integrity sha512-LCtIFuKgWPQ3E+13OyrVpuTPOWBMI/Ggwsq1Q874YeT8Px28b8tJRCj09DjyRFyhpSPyV/uG80T6iXPAUoLIfQ==
  dependencies:
    "@module-federation/error-codes" "0.17.1"
    "@module-federation/sdk" "0.17.1"

"@module-federation/runtime-tools@0.17.1":
  version "0.17.1"
  resolved "https://registry.yarnpkg.com/@module-federation/runtime-tools/-/runtime-tools-0.17.1.tgz#3fe3ff4897f35a744f221514c287bf4f9fa96c09"
  integrity sha512-4kr6zTFFwGywJx6whBtxsc84V+COAuuBpEdEbPZN//YLXhNB0iz2IGsy9r9wDl+06h84bD+3dQ05l9euRLgXzQ==
  dependencies:
    "@module-federation/runtime" "0.17.1"
    "@module-federation/webpack-bundler-runtime" "0.17.1"

"@module-federation/runtime@0.17.1":
  version "0.17.1"
  resolved "https://registry.yarnpkg.com/@module-federation/runtime/-/runtime-0.17.1.tgz#9dbe9208c0cb8ff7c051615d0ce6f148504c0d60"
  integrity sha512-vKEN32MvUbpeuB/s6UXfkHDZ9N5jFyDDJnj83UTJ8n4N1jHIJu9VZ6Yi4/Ac8cfdvU8UIK9bIbfVXWbUYZUDsw==
  dependencies:
    "@module-federation/error-codes" "0.17.1"
    "@module-federation/runtime-core" "0.17.1"
    "@module-federation/sdk" "0.17.1"

"@module-federation/sdk@0.17.1":
  version "0.17.1"
  resolved "https://registry.yarnpkg.com/@module-federation/sdk/-/sdk-0.17.1.tgz#4252cb582677215009356ee8d09035012690d2f9"
  integrity sha512-nlUcN6UTEi+3HWF+k8wPy7gH0yUOmCT+xNatihkIVR9REAnr7BUvHFGlPJmx7WEbLPL46+zJUbtQHvLzXwFhng==

"@module-federation/webpack-bundler-runtime@0.17.1":
  version "0.17.1"
  resolved "https://registry.yarnpkg.com/@module-federation/webpack-bundler-runtime/-/webpack-bundler-runtime-0.17.1.tgz#b4a42992011a86a520fa6072ba1ff7f8b3cfac53"
  integrity sha512-Swspdgf4PzcbvS9SNKFlBzfq8h/Qxwqjq/xRSqw1pqAZWondZQzwTTqPXhgrg0bFlz7qWjBS/6a8KuH/gRvGaQ==
  dependencies:
    "@module-federation/runtime" "0.17.1"
    "@module-federation/sdk" "0.17.1"

"@napi-rs/wasm-runtime@^1.0.1":
  version "1.0.3"
  resolved "https://registry.yarnpkg.com/@napi-rs/wasm-runtime/-/wasm-runtime-1.0.3.tgz#24593dbd6fd1454b0b9c8b73bf7ac62d92a6bf63"
  integrity sha512-rZxtMsLwjdXkMUGC3WwsPwLNVqVqnTJT6MNIB6e+5fhMcSCPP0AOsNWuMQ5mdCq6HNjs/ZeWAEchpqeprqBD2Q==
  dependencies:
    "@emnapi/core" "^1.4.5"
    "@emnapi/runtime" "^1.4.5"
    "@tybys/wasm-util" "^0.10.0"

"@rsbuild/core@^1.4.13":
  version "1.4.15"
  resolved "https://registry.yarnpkg.com/@rsbuild/core/-/core-1.4.15.tgz#6c16d0c508c5e60d8555469b89f1a4a95002096e"
  integrity sha512-KoSTtKjzQUQwamcbeCp63Ne9kL7io1WI4+skTJe2chfLz6wsp/Gfg8aKkfs1DuyG1p+zxFDcYpwTWMsNtxqqiw==
  dependencies:
    "@rspack/core" "1.4.11"
    "@rspack/lite-tapable" "~1.0.1"
    "@swc/helpers" "^0.5.17"
    core-js "~3.45.0"
    jiti "^2.5.1"

"@rsbuild/plugin-react@^1.3.4":
  version "1.3.5"
  resolved "https://registry.yarnpkg.com/@rsbuild/plugin-react/-/plugin-react-1.3.5.tgz#97a11022419fbed099ee94c960b98a6e6d9450bb"
  integrity sha512-L/GoHgJV4j+EQbI4KOhe5EscM0OHgnSat1eR0Nt5P3JZxpJV2ryO5Yfx5jElPWOkYZZCuk+EWhHWDQ4CkeC5BQ==
  dependencies:
    "@rspack/plugin-react-refresh" "~1.4.3"
    react-refresh "^0.17.0"

"@rspack/binding-darwin-arm64@1.4.11":
  version "1.4.11"
  resolved "https://registry.yarnpkg.com/@rspack/binding-darwin-arm64/-/binding-darwin-arm64-1.4.11.tgz#a0f5b4a2ff436a8df89ec3c647661c4ac70a791e"
  integrity sha512-PrmBVhR8MC269jo6uQ+BMy1uwIDx0HAJYLQRQur8gXiehWabUBCRg/d4U9KR7rLzdaSScRyc5JWXR52T7/4MfA==

"@rspack/binding-darwin-x64@1.4.11":
  version "1.4.11"
  resolved "https://registry.yarnpkg.com/@rspack/binding-darwin-x64/-/binding-darwin-x64-1.4.11.tgz#34489094bb643fa25375650d68137273fce9f22a"
  integrity sha512-YIV8Wzy+JY0SoSsVtN4wxFXOjzxxVPnVXNswrrfqVUTPr9jqGOFYUWCGpbt8lcCgfuBFm6zN8HpOsKm1xUNsVA==

"@rspack/binding-linux-arm64-gnu@1.4.11":
  version "1.4.11"
  resolved "https://registry.yarnpkg.com/@rspack/binding-linux-arm64-gnu/-/binding-linux-arm64-gnu-1.4.11.tgz#d358c3098907121cff505719de05481c4bcd284b"
  integrity sha512-ms6uwECUIcu+6e82C5HJhRMHnfsI+l33v7XQezntzRPN0+sG3EpikEoT7SGbgt4vDwaWLR7wS20suN4qd5r3GA==

"@rspack/binding-linux-arm64-musl@1.4.11":
  version "1.4.11"
  resolved "https://registry.yarnpkg.com/@rspack/binding-linux-arm64-musl/-/binding-linux-arm64-musl-1.4.11.tgz#caa13e3ca970d98775a02dfebaee44e02ce6d982"
  integrity sha512-9evq0DOdxMN/H8VM8ZmyY9NSuBgILNVV6ydBfVPMHPx4r1E7JZGpWeKDegZcS5Erw3sS9kVSIxyX78L5PDzzKw==

"@rspack/binding-linux-x64-gnu@1.4.11":
  version "1.4.11"
  resolved "https://registry.yarnpkg.com/@rspack/binding-linux-x64-gnu/-/binding-linux-x64-gnu-1.4.11.tgz#0e040f73a70ddd07961e4db2cfe4bafd51385d65"
  integrity sha512-bHYFLxPPYBOSaHdQbEoCYGMQ1gOrEWj7Mro/DLfSHZi1a0okcQ2Q1y0i1DczReim3ZhLGNrK7k1IpFXCRbAobQ==

"@rspack/binding-linux-x64-musl@1.4.11":
  version "1.4.11"
  resolved "https://registry.yarnpkg.com/@rspack/binding-linux-x64-musl/-/binding-linux-x64-musl-1.4.11.tgz#a9f2221b16b9c9be2f283b33f2f2db894a1470ab"
  integrity sha512-wrm4E7q2k4+cwT6Uhp6hIQ3eUe/YoaUttj6j5TqHYZX6YeLrNPtD9+ne6lQQ17BV8wmm6NZsmoFIJ5xIptpRhQ==

"@rspack/binding-wasm32-wasi@1.4.11":
  version "1.4.11"
  resolved "https://registry.yarnpkg.com/@rspack/binding-wasm32-wasi/-/binding-wasm32-wasi-1.4.11.tgz#a2e43a1d6c801c1031f043ec7244255ef2ef46c0"
  integrity sha512-hiYxHZjaZ17wQtXyLCK0IdtOvMWreGVTiGsaHCxyeT+SldDG+r16bXNjmlqfZsjlfl1mkAqKz1dg+mMX28OTqw==
  dependencies:
    "@napi-rs/wasm-runtime" "^1.0.1"

"@rspack/binding-win32-arm64-msvc@1.4.11":
  version "1.4.11"
  resolved "https://registry.yarnpkg.com/@rspack/binding-win32-arm64-msvc/-/binding-win32-arm64-msvc-1.4.11.tgz#1c86654a99e77381fb04c8d73f1395c7eb49c4ba"
  integrity sha512-+HF/mnjmTr8PC1dccRt1bkrD2tPDGeqvXC1BBLYd/Klq1VbtIcnrhfmvQM6KaXbiLcY9VWKzcZPOTmnyZ8TaHQ==

"@rspack/binding-win32-ia32-msvc@1.4.11":
  version "1.4.11"
  resolved "https://registry.yarnpkg.com/@rspack/binding-win32-ia32-msvc/-/binding-win32-ia32-msvc-1.4.11.tgz#a85def135c0164f2b1a2bcf2c7f9ab0f1d97128f"
  integrity sha512-EU2fQGwrRfwFd/tcOInlD0jy6gNQE4Q3Ayj0Is+cX77sbhPPyyOz0kZDEaQ4qaN2VU8w4Hu/rrD7c0GAKLFvCw==

"@rspack/binding-win32-x64-msvc@1.4.11":
  version "1.4.11"
  resolved "https://registry.yarnpkg.com/@rspack/binding-win32-x64-msvc/-/binding-win32-x64-msvc-1.4.11.tgz#9ce6ae2a203385945a14b6854d3eac36299764ee"
  integrity sha512-1Nc5ZzWqfvE+iJc47qtHFzYYnHsC3awavXrCo74GdGip1vxtksM3G30BlvAQHHVtEmULotWqPbjZpflw/Xk9Ag==

"@rspack/binding@1.4.11":
  version "1.4.11"
  resolved "https://registry.yarnpkg.com/@rspack/binding/-/binding-1.4.11.tgz#e27f69c2b5a6e9393f1403a27d5568047315467a"
  integrity sha512-maGl/zRwnl0QVwkBCkgjn5PH20L9HdlRIdkYhEsfTepy5x2QZ0ti/0T49djjTJQrqb+S1i6wWQymMMMMMsxx6Q==
  optionalDependencies:
    "@rspack/binding-darwin-arm64" "1.4.11"
    "@rspack/binding-darwin-x64" "1.4.11"
    "@rspack/binding-linux-arm64-gnu" "1.4.11"
    "@rspack/binding-linux-arm64-musl" "1.4.11"
    "@rspack/binding-linux-x64-gnu" "1.4.11"
    "@rspack/binding-linux-x64-musl" "1.4.11"
    "@rspack/binding-wasm32-wasi" "1.4.11"
    "@rspack/binding-win32-arm64-msvc" "1.4.11"
    "@rspack/binding-win32-ia32-msvc" "1.4.11"
    "@rspack/binding-win32-x64-msvc" "1.4.11"

"@rspack/core@1.4.11":
  version "1.4.11"
  resolved "https://registry.yarnpkg.com/@rspack/core/-/core-1.4.11.tgz#b3f15f566f0b14e71eae40827a120389399c55b9"
  integrity sha512-JtKnL6p7Kc/YgWQJF3Woo4OccbgKGyT/4187W4dyex8BMkdQcbqCNIdi6dFk02hwQzxpOOxRSBI4hlGRbz7oYQ==
  dependencies:
    "@module-federation/runtime-tools" "0.17.1"
    "@rspack/binding" "1.4.11"
    "@rspack/lite-tapable" "1.0.1"

"@rspack/lite-tapable@1.0.1", "@rspack/lite-tapable@~1.0.1":
  version "1.0.1"
  resolved "https://registry.yarnpkg.com/@rspack/lite-tapable/-/lite-tapable-1.0.1.tgz#d4540a5d28bd6177164bc0ba0bee4bdec0458591"
  integrity sha512-VynGOEsVw2s8TAlLf/uESfrgfrq2+rcXB1muPJYBWbsm1Oa6r5qVQhjA5ggM6z/coYPrsVMgovl3Ff7Q7OCp1w==

"@rspack/plugin-react-refresh@~1.4.3":
  version "1.4.3"
  resolved "https://registry.yarnpkg.com/@rspack/plugin-react-refresh/-/plugin-react-refresh-1.4.3.tgz#aa8aec84ae2f1ba0a20d51fc3899f002cfecd628"
  integrity sha512-wZx4vWgy5oMEvgyNGd/oUKcdnKaccYWHCRkOqTdAPJC3WcytxhTX+Kady8ERurSBiLyQpoMiU3Iyd+F1Y2Arbw==
  dependencies:
    error-stack-parser "^2.1.4"
    html-entities "^2.6.0"

"@swc/helpers@^0.5.17":
  version "0.5.17"
  resolved "https://registry.yarnpkg.com/@swc/helpers/-/helpers-0.5.17.tgz#5a7be95ac0f0bf186e7e6e890e7a6f6cda6ce971"
  integrity sha512-5IKx/Y13RsYd+sauPb2x+U/xZikHjolzfuDgTAl/Tdf3Q8rslRvC19NKDLgAJQ6wsqADk10ntlv08nPFw/gO/A==
  dependencies:
    tslib "^2.8.0"

"@tybys/wasm-util@^0.10.0":
  version "0.10.0"
  resolved "https://registry.yarnpkg.com/@tybys/wasm-util/-/wasm-util-0.10.0.tgz#2fd3cd754b94b378734ce17058d0507c45c88369"
  integrity sha512-VyyPYFlOMNylG45GoAe0xDoLwWuowvf92F9kySqzYh8vmYm7D2u4iUJKa1tOUpS70Ku13ASrOkS4ScXFsTaCNQ==
  dependencies:
    tslib "^2.4.0"

"@types/react-dom@^19.1.7":
  version "19.1.7"
  resolved "https://registry.yarnpkg.com/@types/react-dom/-/react-dom-19.1.7.tgz#2863f2aa89e023592b981204ef92c5221b286410"
  integrity sha512-i5ZzwYpqjmrKenzkoLM2Ibzt6mAsM7pxB6BCIouEVVmgiqaMj1TjaK7hnA36hbW5aZv20kx7Lw6hWzPWg0Rurw==

"@types/react@^19.1.9":
  version "19.1.9"
  resolved "https://registry.yarnpkg.com/@types/react/-/react-19.1.9.tgz#f42b24f35474566a39b5c3a98e4d0c425b79a849"
  integrity sha512-WmdoynAX8Stew/36uTSVMcLJJ1KRh6L3IZRx1PZ7qJtBqT3dYTgyDTx8H1qoRghErydW7xw9mSJ3wS//tCRpFA==
  dependencies:
    csstype "^3.0.2"

core-js@~3.45.0:
  version "3.45.0"
  resolved "https://registry.yarnpkg.com/core-js/-/core-js-3.45.0.tgz#556c2af44a2d9c73ea7b49504392474a9f7c947e"
  integrity sha512-c2KZL9lP4DjkN3hk/an4pWn5b5ZefhRJnAc42n6LJ19kSnbeRbdQZE5dSeE2LBol1OwJD3X1BQvFTAsa8ReeDA==

csstype@^3.0.2:
  version "3.1.3"
  resolved "https://registry.yarnpkg.com/csstype/-/csstype-3.1.3.tgz#d80ff294d114fb0e6ac500fbf85b60137d7eff81"
  integrity sha512-M1uQkMl8rQK/szD0LNhtqxIPLpimGm8sOBwU7lLnCpSbTyY3yeU1Vc7l4KT5zT4s/yOxHH5O7tIuuLOCnLADRw==

error-stack-parser@^2.1.4:
  version "2.1.4"
  resolved "https://registry.yarnpkg.com/error-stack-parser/-/error-stack-parser-2.1.4.tgz#229cb01cdbfa84440bfa91876285b94680188286"
  integrity sha512-Sk5V6wVazPhq5MhpO+AUxJn5x7XSXGl1R93Vn7i+zS15KDVxQijejNCrz8340/2bgLBjR9GtEG8ZVKONDjcqGQ==
  dependencies:
    stackframe "^1.3.4"

html-entities@^2.6.0:
  version "2.6.0"
  resolved "https://registry.yarnpkg.com/html-entities/-/html-entities-2.6.0.tgz#7c64f1ea3b36818ccae3d3fb48b6974208e984f8"
  integrity sha512-kig+rMn/QOVRvr7c86gQ8lWXq+Hkv6CbAH1hLu+RG338StTpE8Z0b44SDVaqVu7HGKf27frdmUYEs9hTUX/cLQ==

jiti@^2.5.1:
  version "2.5.1"
  resolved "https://registry.yarnpkg.com/jiti/-/jiti-2.5.1.tgz#bd099c1c2be1c59bbea4e5adcd127363446759d0"
  integrity sha512-twQoecYPiVA5K/h6SxtORw/Bs3ar+mLUtoPSc7iMXzQzK8d7eJ/R09wmTwAjiamETn1cXYPGfNnu7DMoHgu12w==

react-dom@^19.1.1:
  version "19.1.1"
  resolved "https://registry.yarnpkg.com/react-dom/-/react-dom-19.1.1.tgz#2daa9ff7f3ae384aeb30e76d5ee38c046dc89893"
  integrity sha512-Dlq/5LAZgF0Gaz6yiqZCf6VCcZs1ghAJyrsu84Q/GT0gV+mCxbfmKNoGRKBYMJ8IEdGPqu49YWXD02GCknEDkw==
  dependencies:
    scheduler "^0.26.0"

react-refresh@^0.17.0:
  version "0.17.0"
  resolved "https://registry.yarnpkg.com/react-refresh/-/react-refresh-0.17.0.tgz#b7e579c3657f23d04eccbe4ad2e58a8ed51e7e53"
  integrity sha512-z6F7K9bV85EfseRCp2bzrpyQ0Gkw1uLoCel9XBVWPg/TjRj94SkJzUTGfOa4bs7iJvBWtQG0Wq7wnI0syw3EBQ==

react@^19.1.1:
  version "19.1.1"
  resolved "https://registry.yarnpkg.com/react/-/react-19.1.1.tgz#06d9149ec5e083a67f9a1e39ce97b06a03b644af"
  integrity sha512-w8nqGImo45dmMIfljjMwOGtbmC/mk4CMYhWIicdSflH91J9TyCyczcPFXJzrZ/ZXcgGRFeP6BU0BEJTw6tZdfQ==

scheduler@^0.26.0:
  version "0.26.0"
  resolved "https://registry.yarnpkg.com/scheduler/-/scheduler-0.26.0.tgz#4ce8a8c2a2095f13ea11bf9a445be50c555d6337"
  integrity sha512-NlHwttCI/l5gCPR3D1nNXtWABUmBwvZpEQiD4IXSbIDq8BzLIK/7Ir5gTFSGZDUu37K5cMNp0hFtzO38sC7gWA==

stackframe@^1.3.4:
  version "1.3.4"
  resolved "https://registry.yarnpkg.com/stackframe/-/stackframe-1.3.4.tgz#b881a004c8c149a5e8efef37d51b16e412943310"
  integrity sha512-oeVtt7eWQS+Na6F//S4kJ2K2VbRlS9D43mAlMyVpVWovy9o+jfgH8O9agzANzaiLjclA0oYzUXEM4PurhSUChw==

tslib@^2.4.0, tslib@^2.8.0:
  version "2.8.1"
  resolved "https://registry.yarnpkg.com/tslib/-/tslib-2.8.1.tgz#612efe4ed235d567e8aba5f2a5fab70280ade83f"
  integrity sha512-oJFu94HQb+KVduSUQL7wnpmqnfmLsOA/nAh6b6EH0wCEoK0/mPeXU6c3wKDV83MkOuHPRHtSXKKU99IBazS/2w==

typescript@^5.9.2:
  version "5.9.2"
  resolved "https://registry.yarnpkg.com/typescript/-/typescript-5.9.2.tgz#d93450cddec5154a2d5cabe3b8102b83316fb2a6"
  integrity sha512-CWBzXQrc/qOkhidw1OzBTQuYRbfyxDXJMVJ1XNwUHGROVmuaeiEm3OslpZ1RV96d7SKKjZKrSJu3+t/xlw3R9A==
